PODS:
  - MJRefresh (3.2.0)
  - RxCocoa (4.3.1):
    - RxSwift (~> 4.0)
  - RxMJ (0.6.0):
    - MJRefresh
    - RxCocoa (~> 4.3.0)
  - RxSwift (4.5.0)

DEPENDENCIES:
  - RxMJ (from `../`)

SPEC REPOS:
  https://github.com/cocoapods/specs.git:
    - MJRefresh
    - RxCocoa
    - RxSwift

EXTERNAL SOURCES:
  RxMJ:
    :path: "../"

SPEC CHECKSUMS:
  MJRefresh: ed450d6eb9d3346a2cb033ab7eb6de090aeef437
  RxCocoa: 78763c7b07d02455598d9fc3c1ad091a28b73635
  RxMJ: 42fee63cb20c294fa3a4b5e483ec1e5ce474d59b
  RxSwift: f172070dfd1a93d70a9ab97a5a01166206e1c575

PODFILE CHECKSUM: bc02d8280c3798a3d4839f72f5a9771eb05cfca7

COCOAPODS: 1.6.1
